{
  "version": 1,
  "dependencies": {
    "net10.0": {
      "FS.GG.Game.Core": {
        "type": "Direct",
        "requested": "[0.16.0, 0.16.0]",
        "resolved": "0.16.0",
        "contentHash": "mn66KeVyqj0kphAn8Nm11GbEUbmGcO28uRMFiuX6FdQv87Zvv4kXTV7MqwTVeH3GQtA2Nna56Okd6IaCSHH6Bg==",
        "dependencies": {
          "FSharp.Core": "10.1.302"
        }
      },
      "FSharp.Core": {
        "type": "Direct",
        "requested": "[10.1.400, )",
        "resolved": "10.1.400",
        "contentHash": "H9wlZ/tWgNp+Q4WQ5aUSi3XOBXrL6z+UkR0PNeyDFyoZR3c3PbtA21B9FqlthrhEwQ6f5AtQV0JLhBBDqjjscw=="
      }
    }
  }
}