{
  "version": 1,
  "dependencies": {
    "net10.0": {
      "Fable.Core": {
        "type": "Direct",
        "requested": "[5.2.0, 5.2.0]",
        "resolved": "5.2.0",
        "contentHash": "3+HVoyYMjPGeKJEhMzRti0coDS6AkLVOWXmGwSvqokeTuwdZLyiKMoNgQrE6ZeJ0cSy9qHBB4VBpw5RAfb6zmQ==",
        "dependencies": {
          "FSharp.Core": "4.7.2"
        }
      },
      "FS.GG.UI.Scene": {
        "type": "Direct",
        "requested": "[0.31.0, 0.31.0]",
        "resolved": "0.31.0",
        "contentHash": "dVTWndymoCm70yhVNDEejsvHIAKeL122RnOmRKd8wgGFtyskMvruie2dUJgqkdK8e4pobULfgwyFrNJv32zNFA==",
        "dependencies": {
          "FSharp.Core": "10.1.302"
        }
      },
      "FSharp.Core": {
        "type": "Direct",
        "requested": "[10.1.400, )",
        "resolved": "10.1.400",
        "contentHash": "H9wlZ/tWgNp+Q4WQ5aUSi3XOBXrL6z+UkR0PNeyDFyoZR3c3PbtA21B9FqlthrhEwQ6f5AtQV0JLhBBDqjjscw=="
      },
      "Thoth.Json": {
        "type": "Direct",
        "requested": "[10.5.1, 10.5.1]",
        "resolved": "10.5.1",
        "contentHash": "HMh+zRyOhz7ASGNLgcSQFsrZWv4mcMZfqIsya0aQ2ixFWZpav9RRvYR5C9tL33qmRDX4n+73Bpo6brSfUQ4nQA==",
        "dependencies": {
          "FSharp.Core": "10.1.203",
          "Fable.Core": "5.0.0"
        }
      },
      "FS.GG.Game.Core": {
        "type": "Transitive",
        "resolved": "0.16.0",
        "contentHash": "mn66KeVyqj0kphAn8Nm11GbEUbmGcO28uRMFiuX6FdQv87Zvv4kXTV7MqwTVeH3GQtA2Nna56Okd6IaCSHH6Bg==",
        "dependencies": {
          "FSharp.Core": "10.1.302"
        }
      },
      "domain": {
        "type": "Project",
        "dependencies": {
          "FS.GG.Game.Core": "[0.16.0, 0.16.0]",
          "FSharp.Core": "[10.1.400, )"
        }
      }
    }
  }
}