{
  "version": 1,
  "dependencies": {
    "net10.0": {
      "Fable.Browser.Dom": {
        "type": "Direct",
        "requested": "[2.20.0, 2.20.0]",
        "resolved": "2.20.0",
        "contentHash": "8MnTBQ3NtWABhT8KXJZ7dracK4La3LrX265eqRJiiXayU6acNvzjBltYsyMmarqUhRf723e3hyHTKNOLQITosQ==",
        "dependencies": {
          "FSharp.Core": "4.7.2",
          "Fable.Browser.Blob": "1.4.0",
          "Fable.Browser.Event": "1.7.0",
          "Fable.Browser.WebStorage": "1.3.0",
          "Fable.Core": "3.2.8"
        }
      },
      "Fable.Core": {
        "type": "Direct",
        "requested": "[5.2.0, 5.2.0]",
        "resolved": "5.2.0",
        "contentHash": "3+HVoyYMjPGeKJEhMzRti0coDS6AkLVOWXmGwSvqokeTuwdZLyiKMoNgQrE6ZeJ0cSy9qHBB4VBpw5RAfb6zmQ==",
        "dependencies": {
          "FSharp.Core": "4.7.2"
        }
      },
      "FS.GG.Audio.Core": {
        "type": "Direct",
        "requested": "[0.6.0, 0.6.0]",
        "resolved": "0.6.0",
        "contentHash": "TBZuHK7E2vS3/8LKHtBF8+zZex5Uob+HQgDEOzVymNxCSip5qDKqnXLxiF04mdLhj+KQBGf0Yyg/joQG8mBYgA==",
        "dependencies": {
          "FSharp.Core": "10.1.301"
        }
      },
      "FS.GG.Audio.WebBrowser": {
        "type": "Direct",
        "requested": "[0.6.0, 0.6.0]",
        "resolved": "0.6.0",
        "contentHash": "e10D3EV7AoOvjEs4x5qmQotKQJOXEJSuTddqnxpeVAjsheRwxKioKb/TnDT+TDHE9XcAoCFv3w+4yAuic50aQg==",
        "dependencies": {
          "FS.GG.Audio.Core": "0.6.0",
          "Fable.Browser.Dom": "2.20.0"
        }
      },
      "FS.GG.Game.Core": {
        "type": "Direct",
        "requested": "[0.16.0, 0.16.0]",
        "resolved": "0.16.0",
        "contentHash": "mn66KeVyqj0kphAn8Nm11GbEUbmGcO28uRMFiuX6FdQv87Zvv4kXTV7MqwTVeH3GQtA2Nna56Okd6IaCSHH6Bg==",
        "dependencies": {
          "FSharp.Core": "10.1.302"
        }
      },
      "FS.GG.UI.KeyboardInput": {
        "type": "Direct",
        "requested": "[0.31.0, 0.31.0]",
        "resolved": "0.31.0",
        "contentHash": "SaxeJjtdPZDT9a8JTlmEEyQHfyvx8lxIPW7P39gh8GLYqRmP4WTMol4iEEcw4aetI9vFONy1EhDj+Ei4UTQgSg==",
        "dependencies": {
          "FS.GG.UI.Scene": "0.31.0",
          "FSharp.Core": "10.1.302"
        }
      },
      "FS.GG.UI.Scene": {
        "type": "Direct",
        "requested": "[0.31.0, 0.31.0]",
        "resolved": "0.31.0",
        "contentHash": "dVTWndymoCm70yhVNDEejsvHIAKeL122RnOmRKd8wgGFtyskMvruie2dUJgqkdK8e4pobULfgwyFrNJv32zNFA==",
        "dependencies": {
          "FSharp.Core": "10.1.302"
        }
      },
      "FS.GG.UI.Scene.SvgBrowser": {
        "type": "Direct",
        "requested": "[0.31.0, 0.31.0]",
        "resolved": "0.31.0",
        "contentHash": "MCaSCkJWdt8UfwNAcgNw8KRgHTzYotLCzf5ThHSc3xEbxpK7SeUSkfEz8k02aXiTHtwjdgXzOU0QynOCIappcg==",
        "dependencies": {
          "FS.GG.UI.KeyboardInput": "0.31.0",
          "FS.GG.UI.Scene": "0.31.0",
          "FSharp.Core": "10.1.302",
          "Fable.Browser.Dom": "2.20.0"
        }
      },
      "FSharp.Core": {
        "type": "Direct",
        "requested": "[10.1.400, 10.1.400]",
        "resolved": "10.1.400",
        "contentHash": "H9wlZ/tWgNp+Q4WQ5aUSi3XOBXrL6z+UkR0PNeyDFyoZR3c3PbtA21B9FqlthrhEwQ6f5AtQV0JLhBBDqjjscw=="
      },
      "Thoth.Json": {
        "type": "Direct",
        "requested": "[10.5.1, 10.5.1]",
        "resolved": "10.5.1",
        "contentHash": "HMh+zRyOhz7ASGNLgcSQFsrZWv4mcMZfqIsya0aQ2ixFWZpav9RRvYR5C9tL33qmRDX4n+73Bpo6brSfUQ4nQA==",
        "dependencies": {
          "FSharp.Core": "10.1.203",
          "Fable.Core": "5.0.0"
        }
      },
      "Fable.Browser.Blob": {
        "type": "Transitive",
        "resolved": "1.4.0",
        "contentHash": "UlaxrIXUfMmABjP+8a4XJp/Af+eCRKa8KJ57Olq4sqphmPLn/gNtp3sk5hRNBZ385lwUszbO5yd3Q/rrl9BdOQ==",
        "dependencies": {
          "FSharp.Core": "4.7.2",
          "Fable.Core": "3.2.8"
        }
      },
      "Fable.Browser.Event": {
        "type": "Transitive",
        "resolved": "1.7.0",
        "contentHash": "x+wqXQK0l4VlCnELDp68GC/mZAx6NbicDxYPliyAoNq8RPNDeR3R782icNwI5YmA+ufq11XvG6w1JjsL/ldy7w==",
        "dependencies": {
          "FSharp.Core": "4.7.2",
          "Fable.Browser.Gamepad": "1.3.0",
          "Fable.Core": "3.2.8"
        }
      },
      "Fable.Browser.Gamepad": {
        "type": "Transitive",
        "resolved": "1.3.0",
        "contentHash": "C4HZDzCgff+U094QjpQlJh425W5j5/vojvOi2FV5UFS34l7TJ6YBgBPpKoro02QhAi/UF3AeocR+V2yiYxHb0A==",
        "dependencies": {
          "FSharp.Core": "4.7.2",
          "Fable.Core": "3.2.8"
        }
      },
      "Fable.Browser.WebStorage": {
        "type": "Transitive",
        "resolved": "1.3.0",
        "contentHash": "x8JL9oEtPiK0JY4GrRTqhomiLxT6Jaiv5uu8VXiNeA78bFvUogZWxQeejsK83iNFGErK5wpdiPd0tsREZTRLeg==",
        "dependencies": {
          "FSharp.Core": "4.7.2",
          "Fable.Browser.Event": "1.6.0",
          "Fable.Core": "3.2.8"
        }
      }
    }
  }
}